
Microsoft Visual Studio Solution File, Format Version 12.00
# Visual Studio Version 17
VisualStudioVersion = 17.14.35906.104 d17.14
MinimumVisualStudioVersion = 10.0.40219.1
Project("{FAE04EC0-301F-11D3-BF4B-00C04F79EFBC}") = "TorrentWrapper", "TorrentWrapper\TorrentWrapper.csproj", "{ED94D6EB-EC6D-45C5-9D42-79E54ACB193D}"
EndProject
Project("{FAE04EC0-301F-11D3-BF4B-00C04F79EFBC}") = "TorrentWrapper.Tests", "..\TorrentWrapper.Tests\TorrentWrapper.Tests.csproj", "{CF60B2EF-1130-7E91-4945-44EFA74BE63B}"
EndProject
Global
	GlobalSection(SolutionConfigurationPlatforms) = preSolution
		Debug|Any CPU = Debug|Any CPU
		Release|Any CPU = Release|Any CPU
	EndGlobalSection
	GlobalSection(ProjectConfigurationPlatforms) = postSolution
		{ED94D6EB-EC6D-45C5-9D42-79E54ACB193D}.Debug|Any CPU.ActiveCfg = Debug|Any CPU
		{ED94D6EB-EC6D-45C5-9D42-79E54ACB193D}.Debug|Any CPU.Build.0 = Debug|Any CPU
		{ED94D6EB-EC6D-45C5-9D42-79E54ACB193D}.Release|Any CPU.ActiveCfg = Release|Any CPU
		{ED94D6EB-EC6D-45C5-9D42-79E54ACB193D}.Release|Any CPU.Build.0 = Release|Any CPU
		{CF60B2EF-1130-7E91-4945-44EFA74BE63B}.Debug|Any CPU.ActiveCfg = Debug|Any CPU
		{CF60B2EF-1130-7E91-4945-44EFA74BE63B}.Debug|Any CPU.Build.0 = Debug|Any CPU
		{CF60B2EF-1130-7E91-4945-44EFA74BE63B}.Release|Any CPU.ActiveCfg = Release|Any CPU
		{CF60B2EF-1130-7E91-4945-44EFA74BE63B}.Release|Any CPU.Build.0 = Release|Any CPU
	EndGlobalSection
	GlobalSection(SolutionProperties) = preSolution
		HideSolutionNode = FALSE
	EndGlobalSection
	GlobalSection(ExtensibilityGlobals) = postSolution
		SolutionGuid = {4FFDFB6B-52F7-4679-8EE1-CC8F4AC038DB}
	EndGlobalSection
EndGlobal
